
Microsoft Visual Studio Solution File, Format Version 12.00
# Visual Studio Version 17
VisualStudioVersion = 17.5.002.0
MinimumVisualStudioVersion = 10.0.40219.1
Project("{9A19103F-16F7-4668-BE54-9A1E7A4F7556}") = "api", "api.csproj", "{6923660C-187F-44CE-9587-01574D3EE524}"
EndProject
Global
	GlobalSection(SolutionConfigurationPlatforms) = preSolution
		Debug|Any CPU = Debug|Any CPU
		Release|Any CPU = Release|Any CPU
	EndGlobalSection
	GlobalSection(ProjectConfigurationPlatforms) = postSolution
		{6923660C-187F-44CE-9587-01574D3EE524}.Debug|Any CPU.ActiveCfg = Debug|Any CPU
		{6923660C-187F-44CE-9587-01574D3EE524}.Debug|Any CPU.Build.0 = Debug|Any CPU
		{6923660C-187F-44CE-9587-01574D3EE524}.Release|Any CPU.ActiveCfg = Release|Any CPU
		{6923660C-187F-44CE-9587-01574D3EE524}.Release|Any CPU.Build.0 = Release|Any CPU
	EndGlobalSection
	GlobalSection(SolutionProperties) = preSolution
		HideSolutionNode = FALSE
	EndGlobalSection
	GlobalSection(ExtensibilityGlobals) = postSolution
		SolutionGuid = {32C7D2BC-D43B-47B7-8FB0-1C328E404DB6}
	EndGlobalSection
EndGlobal
